
Microsoft Visual Studio Solution File, Format Version 12.00
# Visual Studio 15
VisualStudioVersion = 15.0.26730.16
MinimumVisualStudioVersion = 10.0.40219.1
Project("{FAE04EC0-301F-11D3-BF4B-00C04F79EFBC}") = "dotnetApp-4", "dotnetApp-4.csproj", "{CDD30738-A6C7-4B6E-BD8D-EFECA803270E}"
EndProject
Global
	GlobalSection(SolutionConfigurationPlatforms) = preSolution
		Debug|Any CPU = Debug|Any CPU
		Release|Any CPU = Release|Any CPU
	EndGlobalSection
	GlobalSection(ProjectConfigurationPlatforms) = postSolution
		{CDD30738-A6C7-4B6E-BD8D-EFECA803270E}.Debug|Any CPU.ActiveCfg = Debug|Any CPU
		{CDD30738-A6C7-4B6E-BD8D-EFECA803270E}.Debug|Any CPU.Build.0 = Debug|Any CPU
		{CDD30738-A6C7-4B6E-BD8D-EFECA803270E}.Release|Any CPU.ActiveCfg = Release|Any CPU
		{CDD30738-A6C7-4B6E-BD8D-EFECA803270E}.Release|Any CPU.Build.0 = Release|Any CPU
	EndGlobalSection
	GlobalSection(SolutionProperties) = preSolution
		HideSolutionNode = FALSE
	EndGlobalSection
	GlobalSection(ExtensibilityGlobals) = postSolution
		SolutionGuid = {54964A00-A08B-4F6E-A153-6380111A848F}
	EndGlobalSection
EndGlobal
